
Microsoft Visual Studio Solution File, Format Version 12.00
# Visual Studio Version 17
VisualStudioVersion = 17.2.32516.85
MinimumVisualStudioVersion = 10.0.40219.1
Project("{FAE04EC0-301F-11D3-BF4B-00C04F79EFBC}") = "LogicBack", "LogicBack\LogicBack.csproj", "{B226B65A-AA81-4A51-8C7A-FFBE0A7DE59E}"
EndProject
Global
	GlobalSection(SolutionConfigurationPlatforms) = preSolution
		Debug|Any CPU = Debug|Any CPU
		Release|Any CPU = Release|Any CPU
	EndGlobalSection
	GlobalSection(ProjectConfigurationPlatforms) = postSolution
		{B226B65A-AA81-4A51-8C7A-FFBE0A7DE59E}.Debug|Any CPU.ActiveCfg = Debug|Any CPU
		{B226B65A-AA81-4A51-8C7A-FFBE0A7DE59E}.Debug|Any CPU.Build.0 = Debug|Any CPU
		{B226B65A-AA81-4A51-8C7A-FFBE0A7DE59E}.Release|Any CPU.ActiveCfg = Release|Any CPU
		{B226B65A-AA81-4A51-8C7A-FFBE0A7DE59E}.Release|Any CPU.Build.0 = Release|Any CPU
	EndGlobalSection
	GlobalSection(SolutionProperties) = preSolution
		HideSolutionNode = FALSE
	EndGlobalSection
	GlobalSection(ExtensibilityGlobals) = postSolution
		SolutionGuid = {242A58F2-5FD6-4806-A0F7-444A6D0ED283}
	EndGlobalSection
EndGlobal
